Microsoft Visual Studio Solution File, Format Version 12.00
# Visual Studio Version 17
VisualStudioVersion = 17.5.2.0
MinimumVisualStudioVersion = 10.0.40219.1
Project("{FAE04EC0-301F-11D3-BF4B-00C04F79EFBC}") = "23120264", "23120264.csproj", "{7B925809-D25B-93AF-D49E-FDD1605A6236}"
EndProject
Global
	GlobalSection(SolutionConfigurationPlatforms) = preSolution
		Debug|Any CPU = Debug|Any CPU
		Release|Any CPU = Release|Any CPU
	EndGlobalSection
	GlobalSection(ProjectConfigurationPlatforms) = postSolution
		{7B925809-D25B-93AF-D49E-FDD1605A6236}.Debug|Any CPU.ActiveCfg = Debug|Any CPU
		{7B925809-D25B-93AF-D49E-FDD1605A6236}.Debug|Any CPU.Build.0 = Debug|Any CPU
		{7B925809-D25B-93AF-D49E-FDD1605A6236}.Release|Any CPU.ActiveCfg = Release|Any CPU
		{7B925809-D25B-93AF-D49E-FDD1605A6236}.Release|Any CPU.Build.0 = Release|Any CPU
	EndGlobalSection
	GlobalSection(SolutionProperties) = preSolution
		HideSolutionNode = FALSE
	EndGlobalSection
	GlobalSection(ExtensibilityGlobals) = postSolution
		SolutionGuid = {820BBF33-8BA6-465C-8522-27060FB69299}
	EndGlobalSection
EndGlobal
